
Microsoft Visual Studio Solution File, Format Version 12.00
# Visual Studio Version 17
VisualStudioVersion = 17.8.34525.116
MinimumVisualStudioVersion = 10.0.40219.1
Project("{FAE04EC0-301F-11D3-BF4B-00C04F79EFBC}") = "Uchebka", "Uchebka\Uchebka.csproj", "{188FBCCD-6DB4-4219-B8CB-BB69D3EDBED8}"
EndProject
Global
	GlobalSection(SolutionConfigurationPlatforms) = preSolution
		Debug|Any CPU = Debug|Any CPU
		Release|Any CPU = Release|Any CPU
	EndGlobalSection
	GlobalSection(ProjectConfigurationPlatforms) = postSolution
		{188FBCCD-6DB4-4219-B8CB-BB69D3EDBED8}.Debug|Any CPU.ActiveCfg = Debug|Any CPU
		{188FBCCD-6DB4-4219-B8CB-BB69D3EDBED8}.Debug|Any CPU.Build.0 = Debug|Any CPU
		{188FBCCD-6DB4-4219-B8CB-BB69D3EDBED8}.Release|Any CPU.ActiveCfg = Release|Any CPU
		{188FBCCD-6DB4-4219-B8CB-BB69D3EDBED8}.Release|Any CPU.Build.0 = Release|Any CPU
	EndGlobalSection
	GlobalSection(SolutionProperties) = preSolution
		HideSolutionNode = FALSE
	EndGlobalSection
	GlobalSection(ExtensibilityGlobals) = postSolution
		SolutionGuid = {22B2B0F0-7EEF-4071-AB85-8BE7F401480D}
	EndGlobalSection
EndGlobal
